// !$*UTF8*$!
{
	archiveVersion = 1;
	classes = {
	};
	objectVersion = 46;
	objects = {

/* Begin PBXBuildFile section */
		4D5032C6AF91C0F5378E47D0 /* Pods_doctorzillaUITests.framework in Frameworks */ = {isa = PBXBuildFile; fileRef = 7A215B309A31982EBD2CB40B /* Pods_doctorzillaUITests.framework */; };
		5EBEB7D3CDCE7BF03A3FC8D8 /* Pods_doctorzillaTests.framework in Frameworks */ = {isa = PBXBuildFile; fileRef = 9A5C99D3C620CDF7F3B0A6C7 /* Pods_doctorzillaTests.framework */; };
		7447B0D763FC1872E0880139 /* Pods_doctorzilla.framework in Frameworks */ = {isa = PBXBuildFile; fileRef = 3353FF6AF83F0F665FCDA504 /* Pods_doctorzilla.framework */; };
		FA00E8331ECE694700600EC3 /* AuthToken.swift in Sources */ = {isa = PBXBuildFile; fileRef = FA00E8321ECE694700600EC3 /* AuthToken.swift */; };
		FA00E8351ECE6D7F00600EC3 /* User.swift in Sources */ = {isa = PBXBuildFile; fileRef = FA00E8341ECE6D7F00600EC3 /* User.swift */; };
		FA00E8371ECE6E3E00600EC3 /* Constants.swift in Sources */ = {isa = PBXBuildFile; fileRef = FA00E8361ECE6E3E00600EC3 /* Constants.swift */; };
		FA2D0AC31EEB99A7009BFBFA /* RReason.swift in Sources */ = {isa = PBXBuildFile; fileRef = FA2D0AC21EEB99A7009BFBFA /* RReason.swift */; };
		FA2D0AC51EEB99B4009BFBFA /* RDiagnostic.swift in Sources */ = {isa = PBXBuildFile; fileRef = FA2D0AC41EEB99B4009BFBFA /* RDiagnostic.swift */; };
		FA2D0AC71EEB99C5009BFBFA /* RMedicalRecord.swift in Sources */ = {isa = PBXBuildFile; fileRef = FA2D0AC61EEB99C5009BFBFA /* RMedicalRecord.swift */; };
		FA2D0AC91EEB99D3009BFBFA /* RUser.swift in Sources */ = {isa = PBXBuildFile; fileRef = FA2D0AC81EEB99D3009BFBFA /* RUser.swift */; };
		FA2D0ACB1EEB99E3009BFBFA /* ROccupation.swift in Sources */ = {isa = PBXBuildFile; fileRef = FA2D0ACA1EEB99E3009BFBFA /* ROccupation.swift */; };
		FA2D0ACD1EEB99F2009BFBFA /* RInsurance.swift in Sources */ = {isa = PBXBuildFile; fileRef = FA2D0ACC1EEB99F2009BFBFA /* RInsurance.swift */; };
		FA2D0ACF1EEB9A03009BFBFA /* RBackground.swift in Sources */ = {isa = PBXBuildFile; fileRef = FA2D0ACE1EEB9A03009BFBFA /* RBackground.swift */; };
		FA2D0AD11EEB9A18009BFBFA /* RPhysicalExam.swift in Sources */ = {isa = PBXBuildFile; fileRef = FA2D0AD01EEB9A18009BFBFA /* RPhysicalExam.swift */; };
		FA2D0AD31EEB9A3E009BFBFA /* RConsultation.swift in Sources */ = {isa = PBXBuildFile; fileRef = FA2D0AD21EEB9A3E009BFBFA /* RConsultation.swift */; };
		FA2D0AD51EEBA393009BFBFA /* RPlan.swift in Sources */ = {isa = PBXBuildFile; fileRef = FA2D0AD41EEBA393009BFBFA /* RPlan.swift */; };
		FA3A9CF91EE1DDBB000EAB8B /* EditRecordVC.swift in Sources */ = {isa = PBXBuildFile; fileRef = FA3A9CF81EE1DDBB000EAB8B /* EditRecordVC.swift */; };
		FA3A9CFD1EE1DE0F000EAB8B /* EditConsultationVC.swift in Sources */ = {isa = PBXBuildFile; fileRef = FA3A9CFC1EE1DE0F000EAB8B /* EditConsultationVC.swift */; };
		FA4596001EF32C28008DF158 /* RSync.swift in Sources */ = {isa = PBXBuildFile; fileRef = FA4595FF1EF32C28008DF158 /* RSync.swift */; };
		FA4C7CE01EC3CA2800A58937 /* LoginVC.swift in Sources */ = {isa = PBXBuildFile; fileRef = FA4C7CDF1EC3CA2800A58937 /* LoginVC.swift */; };
		FA4C7CE21EC3CC8E00A58937 /* RecoverPasswordVC.swift in Sources */ = {isa = PBXBuildFile; fileRef = FA4C7CE11EC3CC8E00A58937 /* RecoverPasswordVC.swift */; };
		FA4D055F1EF21C77005574B1 /* Synchronize.swift in Sources */ = {isa = PBXBuildFile; fileRef = FA4D055E1EF21C77005574B1 /* Synchronize.swift */; };
		FA518F791ED3ED6100EAC1C4 /* MedRecordCell.swift in Sources */ = {isa = PBXBuildFile; fileRef = FA518F781ED3ED6100EAC1C4 /* MedRecordCell.swift */; };
		FA518F7B1ED3F19F00EAC1C4 /* MedicalRecord.swift in Sources */ = {isa = PBXBuildFile; fileRef = FA518F7A1ED3F19F00EAC1C4 /* MedicalRecord.swift */; };
		FA87B6E71ECFFC85003C0DF4 /* DashboardVC.swift in Sources */ = {isa = PBXBuildFile; fileRef = FA87B6E61ECFFC85003C0DF4 /* DashboardVC.swift */; };
		FA916EF11EFC84D500BD5EFA /* DataHelperRLM.swift in Sources */ = {isa = PBXBuildFile; fileRef = FA916EF01EFC84D500BD5EFA /* DataHelperRLM.swift */; };
		FA9A6DD11F452D59007EA577 /* RAttachment.swift in Sources */ = {isa = PBXBuildFile; fileRef = FA9A6DD01F452D59007EA577 /* RAttachment.swift */; };
		FA9A6DD31F453030007EA577 /* ROperativeNote.swift in Sources */ = {isa = PBXBuildFile; fileRef = FA9A6DD21F453030007EA577 /* ROperativeNote.swift */; };
		FA9A6DD51F45307E007EA577 /* RProcedure.swift in Sources */ = {isa = PBXBuildFile; fileRef = FA9A6DD41F45307E007EA577 /* RProcedure.swift */; };
		FA9A6DD71F4530A7007EA577 /* RReport.swift in Sources */ = {isa = PBXBuildFile; fileRef = FA9A6DD61F4530A7007EA577 /* RReport.swift */; };
		FAACA50A1EE5DEAA006C39BB /* Insurance.swift in Sources */ = {isa = PBXBuildFile; fileRef = FAACA5091EE5DEAA006C39BB /* Insurance.swift */; };
		FAACA50C1EE5DEB5006C39BB /* Occupation.swift in Sources */ = {isa = PBXBuildFile; fileRef = FAACA50B1EE5DEB5006C39BB /* Occupation.swift */; };
		FAACA50E1EE5E1BD006C39BB /* DataHelper.swift in Sources */ = {isa = PBXBuildFile; fileRef = FAACA50D1EE5E1BD006C39BB /* DataHelper.swift */; };
		FAACA5101EE67BAE006C39BB /* Extensions.swift in Sources */ = {isa = PBXBuildFile; fileRef = FAACA50F1EE67BAE006C39BB /* Extensions.swift */; };
		FAB955E51F5CEA940007EAA2 /* EditBackgroundsVC.swift in Sources */ = {isa = PBXBuildFile; fileRef = FAB955E41F5CEA940007EAA2 /* EditBackgroundsVC.swift */; };
		FAC6063D1ED911FD00726AA0 /* Background.swift in Sources */ = {isa = PBXBuildFile; fileRef = FAC6063C1ED911FD00726AA0 /* Background.swift */; };
		FADF11561EDE186000BB54E7 /* ConsultationDetailVC.swift in Sources */ = {isa = PBXBuildFile; fileRef = FADF11551EDE186000BB54E7 /* ConsultationDetailVC.swift */; };
		FADF11581EDE20AA00BB54E7 /* ConsultationCell.swift in Sources */ = {isa = PBXBuildFile; fileRef = FADF11571EDE20AA00BB54E7 /* ConsultationCell.swift */; };
		FAE3BB951EE8FE76005E3904 /* ReachabilityManager.swift in Sources */ = {isa = PBXBuildFile; fileRef = FAE3BB941EE8FE76005E3904 /* ReachabilityManager.swift */; };
		FAE433771EFDEB02003EB268 /* SettingsVC.swift in Sources */ = {isa = PBXBuildFile; fileRef = FAE433761EFDEB02003EB268 /* SettingsVC.swift */; };
		FAE8E7A71EDF774F00E1489C /* BackgroundCell.swift in Sources */ = {isa = PBXBuildFile; fileRef = FAE8E7A61EDF774F00E1489C /* BackgroundCell.swift */; };
		FAE8E7A91EDF776000E1489C /* PECell.swift in Sources */ = {isa = PBXBuildFile; fileRef = FAE8E7A81EDF776000E1489C /* PECell.swift */; };
		FAE8E7AB1EDFAF5400E1489C /* PhysicalExam.swift in Sources */ = {isa = PBXBuildFile; fileRef = FAE8E7AA1EDFAF5400E1489C /* PhysicalExam.swift */; };
		FAF7322F1E9044C700FA6030 /* AppDelegate.swift in Sources */ = {isa = PBXBuildFile; fileRef = FAF7322E1E9044C700FA6030 /* AppDelegate.swift */; };
		FAF732341E9044C700FA6030 /* Main.storyboard in Resources */ = {isa = PBXBuildFile; fileRef = FAF732321E9044C700FA6030 /* Main.storyboard */; };
		FAF732361E9044C700FA6030 /* Assets.xcassets in Resources */ = {isa = PBXBuildFile; fileRef = FAF732351E9044C700FA6030 /* Assets.xcassets */; };
		FAF732391E9044C700FA6030 /* LaunchScreen.storyboard in Resources */ = {isa = PBXBuildFile; fileRef = FAF732371E9044C700FA6030 /* LaunchScreen.storyboard */; };
		FAF732441E9044C700FA6030 /* doctorzillaTests.swift in Sources */ = {isa = PBXBuildFile; fileRef = FAF732431E9044C700FA6030 /* doctorzillaTests.swift */; };
		FAF7324F1E9044C700FA6030 /* doctorzillaUITests.swift in Sources */ = {isa = PBXBuildFile; fileRef = FAF7324E1E9044C700FA6030 /* doctorzillaUITests.swift */; };
		FAF952901ED63CA400E3D2EA /* MedicalRecordVC.swift in Sources */ = {isa = PBXBuildFile; fileRef = FAF9528F1ED63CA400E3D2EA /* MedicalRecordVC.swift */; };
		FAF9529A1ED6A2F000E3D2EA /* RecordDetailVC.swift in Sources */ = {isa = PBXBuildFile; fileRef = FAF952991ED6A2F000E3D2EA /* RecordDetailVC.swift */; };
		FAF9529C1ED6A35E00E3D2EA /* ConsultationsVC.swift in Sources */ = {isa = PBXBuildFile; fileRef = FAF9529B1ED6A35E00E3D2EA /* ConsultationsVC.swift */; };
		FAF9529E1ED6A37400E3D2EA /* OperativeNotesVC.swift in Sources */ = {isa = PBXBuildFile; fileRef = FAF9529D1ED6A37400E3D2EA /* OperativeNotesVC.swift */; };
		FAF9A7AE1EDCA735004CECF8 /* Consultation.swift in Sources */ = {isa = PBXBuildFile; fileRef = FAF9A7AD1EDCA735004CECF8 /* Consultation.swift */; };
/* End PBXBuildFile section */

/* Begin PBXContainerItemProxy section */
		FAF732401E9044C700FA6030 /* PBXContainerItemProxy */ = {
			isa = PBXContainerItemProxy;
			containerPortal = FAF732231E9044C700FA6030 /* Project object */;
			proxyType = 1;
			remoteGlobalIDString = FAF7322A1E9044C700FA6030;
			remoteInfo = doctorzilla;
		};
		FAF7324B1E9044C700FA6030 /* PBXContainerItemProxy */ = {
			isa = PBXContainerItemProxy;
			containerPortal = FAF732231E9044C700FA6030 /* Project object */;
			proxyType = 1;
			remoteGlobalIDString = FAF7322A1E9044C700FA6030;
			remoteInfo = doctorzilla;
		};
/* End PBXContainerItemProxy section */

/* Begin PBXFileReference section */
		2D035ACC6F7E346743A6DAED /* Pods-doctorzillaTests.debug.xcconfig */ = {isa = PBXFileReference; includeInIndex = 1; lastKnownFileType = text.xcconfig; name = "Pods-doctorzillaTests.debug.xcconfig"; path = "Pods/Target Support Files/Pods-doctorzillaTests/Pods-doctorzillaTests.debug.xcconfig"; sourceTree = "<group>"; };
		3353FF6AF83F0F665FCDA504 /* Pods_doctorzilla.framework */ = {isa = PBXFileReference; explicitFileType = wrapper.framework; includeInIndex = 0; path = Pods_doctorzilla.framework; sourceTree = BUILT_PRODUCTS_DIR; };
		36A27A1DF2C800203E737AF3 /* Pods-doctorzillaUITests.debug.xcconfig */ = {isa = PBXFileReference; includeInIndex = 1; lastKnownFileType = text.xcconfig; name = "Pods-doctorzillaUITests.debug.xcconfig"; path = "Pods/Target Support Files/Pods-doctorzillaUITests/Pods-doctorzillaUITests.debug.xcconfig"; sourceTree = "<group>"; };
		3C081883FF703381FFD0285D /* Pods-doctorzillaTests.release.xcconfig */ = {isa = PBXFileReference; includeInIndex = 1; lastKnownFileType = text.xcconfig; name = "Pods-doctorzillaTests.release.xcconfig"; path = "Pods/Target Support Files/Pods-doctorzillaTests/Pods-doctorzillaTests.release.xcconfig"; sourceTree = "<group>"; };
		7A215B309A31982EBD2CB40B /* Pods_doctorzillaUITests.framework */ = {isa = PBXFileReference; explicitFileType = wrapper.framework; includeInIndex = 0; path = Pods_doctorzillaUITests.framework; sourceTree = BUILT_PRODUCTS_DIR; };
		8EA1263DEA0A19615865387D /* Pods-doctorzillaUITests.release.xcconfig */ = {isa = PBXFileReference; includeInIndex = 1; lastKnownFileType = text.xcconfig; name = "Pods-doctorzillaUITests.release.xcconfig"; path = "Pods/Target Support Files/Pods-doctorzillaUITests/Pods-doctorzillaUITests.release.xcconfig"; sourceTree = "<group>"; };
		9A5C99D3C620CDF7F3B0A6C7 /* Pods_doctorzillaTests.framework */ = {isa = PBXFileReference; explicitFileType = wrapper.framework; includeInIndex = 0; path = Pods_doctorzillaTests.framework; sourceTree = BUILT_PRODUCTS_DIR; };
		CC333DB642B883483A5221E1 /* Pods-doctorzilla.debug.xcconfig */ = {isa = PBXFileReference; includeInIndex = 1; lastKnownFileType = text.xcconfig; name = "Pods-doctorzilla.debug.xcconfig"; path = "Pods/Target Support Files/Pods-doctorzilla/Pods-doctorzilla.debug.xcconfig"; sourceTree = "<group>"; };
		F4AE6483C48913C701B7ACB5 /* Pods-doctorzilla.release.xcconfig */ = {isa = PBXFileReference; includeInIndex = 1; lastKnownFileType = text.xcconfig; name = "Pods-doctorzilla.release.xcconfig"; path = "Pods/Target Support Files/Pods-doctorzilla/Pods-doctorzilla.release.xcconfig"; sourceTree = "<group>"; };
		FA00E8321ECE694700600EC3 /* AuthToken.swift */ = {isa = PBXFileReference; fileEncoding = 4; lastKnownFileType = sourcecode.swift; path = AuthToken.swift; sourceTree = "<group>"; };
		FA00E8341ECE6D7F00600EC3 /* User.swift */ = {isa = PBXFileReference; fileEncoding = 4; lastKnownFileType = sourcecode.swift; path = User.swift; sourceTree = "<group>"; };
		FA00E8361ECE6E3E00600EC3 /* Constants.swift */ = {isa = PBXFileReference; fileEncoding = 4; lastKnownFileType = sourcecode.swift; path = Constants.swift; sourceTree = "<group>"; };
		FA2D0AC21EEB99A7009BFBFA /* RReason.swift */ = {isa = PBXFileReference; fileEncoding = 4; lastKnownFileType = sourcecode.swift; path = RReason.swift; sourceTree = "<group>"; };
		FA2D0AC41EEB99B4009BFBFA /* RDiagnostic.swift */ = {isa = PBXFileReference; fileEncoding = 4; lastKnownFileType = sourcecode.swift; path = RDiagnostic.swift; sourceTree = "<group>"; };
		FA2D0AC61EEB99C5009BFBFA /* RMedicalRecord.swift */ = {isa = PBXFileReference; fileEncoding = 4; lastKnownFileType = sourcecode.swift; path = RMedicalRecord.swift; sourceTree = "<group>"; };
		FA2D0AC81EEB99D3009BFBFA /* RUser.swift */ = {isa = PBXFileReference; fileEncoding = 4; lastKnownFileType = sourcecode.swift; path = RUser.swift; sourceTree = "<group>"; };
		FA2D0ACA1EEB99E3009BFBFA /* ROccupation.swift */ = {isa = PBXFileReference; fileEncoding = 4; lastKnownFileType = sourcecode.swift; path = ROccupation.swift; sourceTree = "<group>"; };
		FA2D0ACC1EEB99F2009BFBFA /* RInsurance.swift */ = {isa = PBXFileReference; fileEncoding = 4; lastKnownFileType = sourcecode.swift; path = RInsurance.swift; sourceTree = "<group>"; };
		FA2D0ACE1EEB9A03009BFBFA /* RBackground.swift */ = {isa = PBXFileReference; fileEncoding = 4; lastKnownFileType = sourcecode.swift; path = RBackground.swift; sourceTree = "<group>"; };
		FA2D0AD01EEB9A18009BFBFA /* RPhysicalExam.swift */ = {isa = PBXFileReference; fileEncoding = 4; lastKnownFileType = sourcecode.swift; path = RPhysicalExam.swift; sourceTree = "<group>"; };
		FA2D0AD21EEB9A3E009BFBFA /* RConsultation.swift */ = {isa = PBXFileReference; fileEncoding = 4; lastKnownFileType = sourcecode.swift; path = RConsultation.swift; sourceTree = "<group>"; };
		FA2D0AD41EEBA393009BFBFA /* RPlan.swift */ = {isa = PBXFileReference; fileEncoding = 4; lastKnownFileType = sourcecode.swift; path = RPlan.swift; sourceTree = "<group>"; };
		FA3A9CF81EE1DDBB000EAB8B /* EditRecordVC.swift */ = {isa = PBXFileReference; fileEncoding = 4; lastKnownFileType = sourcecode.swift; path = EditRecordVC.swift; sourceTree = "<group>"; };
		FA3A9CFC1EE1DE0F000EAB8B /* EditConsultationVC.swift */ = {isa = PBXFileReference; fileEncoding = 4; lastKnownFileType = sourcecode.swift; path = EditConsultationVC.swift; sourceTree = "<group>"; };
		FA4595FF1EF32C28008DF158 /* RSync.swift */ = {isa = PBXFileReference; fileEncoding = 4; lastKnownFileType = sourcecode.swift; path = RSync.swift; sourceTree = "<group>"; };
		FA4C7CDF1EC3CA2800A58937 /* LoginVC.swift */ = {isa = PBXFileReference; fileEncoding = 4; lastKnownFileType = sourcecode.swift; path = LoginVC.swift; sourceTree = "<group>"; };
		FA4C7CE11EC3CC8E00A58937 /* RecoverPasswordVC.swift */ = {isa = PBXFileReference; fileEncoding = 4; lastKnownFileType = sourcecode.swift; path = RecoverPasswordVC.swift; sourceTree = "<group>"; };
		FA4D055E1EF21C77005574B1 /* Synchronize.swift */ = {isa = PBXFileReference; fileEncoding = 4; lastKnownFileType = sourcecode.swift; path = Synchronize.swift; sourceTree = "<group>"; };
		FA518F781ED3ED6100EAC1C4 /* MedRecordCell.swift */ = {isa = PBXFileReference; fileEncoding = 4; lastKnownFileType = sourcecode.swift; path = MedRecordCell.swift; sourceTree = "<group>"; };
		FA518F7A1ED3F19F00EAC1C4 /* MedicalRecord.swift */ = {isa = PBXFileReference; fileEncoding = 4; lastKnownFileType = sourcecode.swift; path = MedicalRecord.swift; sourceTree = "<group>"; };
		FA87B6E61ECFFC85003C0DF4 /* DashboardVC.swift */ = {isa = PBXFileReference; fileEncoding = 4; lastKnownFileType = sourcecode.swift; path = DashboardVC.swift; sourceTree = "<group>"; };
		FA916EF01EFC84D500BD5EFA /* DataHelperRLM.swift */ = {isa = PBXFileReference; fileEncoding = 4; lastKnownFileType = sourcecode.swift; path = DataHelperRLM.swift; sourceTree = "<group>"; };
		FA9A6DD01F452D59007EA577 /* RAttachment.swift */ = {isa = PBXFileReference; fileEncoding = 4; lastKnownFileType = sourcecode.swift; path = RAttachment.swift; sourceTree = "<group>"; };
		FA9A6DD21F453030007EA577 /* ROperativeNote.swift */ = {isa = PBXFileReference; fileEncoding = 4; lastKnownFileType = sourcecode.swift; path = ROperativeNote.swift; sourceTree = "<group>"; };
		FA9A6DD41F45307E007EA577 /* RProcedure.swift */ = {isa = PBXFileReference; fileEncoding = 4; lastKnownFileType = sourcecode.swift; path = RProcedure.swift; sourceTree = "<group>"; };
		FA9A6DD61F4530A7007EA577 /* RReport.swift */ = {isa = PBXFileReference; fileEncoding = 4; lastKnownFileType = sourcecode.swift; path = RReport.swift; sourceTree = "<group>"; };
		FAACA5091EE5DEAA006C39BB /* Insurance.swift */ = {isa = PBXFileReference; fileEncoding = 4; lastKnownFileType = sourcecode.swift; path = Insurance.swift; sourceTree = "<group>"; };
		FAACA50B1EE5DEB5006C39BB /* Occupation.swift */ = {isa = PBXFileReference; fileEncoding = 4; lastKnownFileType = sourcecode.swift; path = Occupation.swift; sourceTree = "<group>"; };
		FAACA50D1EE5E1BD006C39BB /* DataHelper.swift */ = {isa = PBXFileReference; fileEncoding = 4; lastKnownFileType = sourcecode.swift; path = DataHelper.swift; sourceTree = "<group>"; };
		FAACA50F1EE67BAE006C39BB /* Extensions.swift */ = {isa = PBXFileReference; fileEncoding = 4; lastKnownFileType = sourcecode.swift; path = Extensions.swift; sourceTree = "<group>"; };
		FAB955E41F5CEA940007EAA2 /* EditBackgroundsVC.swift */ = {isa = PBXFileReference; fileEncoding = 4; lastKnownFileType = sourcecode.swift; path = EditBackgroundsVC.swift; sourceTree = "<group>"; };
		FAC6063C1ED911FD00726AA0 /* Background.swift */ = {isa = PBXFileReference; fileEncoding = 4; lastKnownFileType = sourcecode.swift; path = Background.swift; sourceTree = "<group>"; };
		FADF11551EDE186000BB54E7 /* ConsultationDetailVC.swift */ = {isa = PBXFileReference; fileEncoding = 4; lastKnownFileType = sourcecode.swift; path = ConsultationDetailVC.swift; sourceTree = "<group>"; };
		FADF11571EDE20AA00BB54E7 /* ConsultationCell.swift */ = {isa = PBXFileReference; fileEncoding = 4; lastKnownFileType = sourcecode.swift; path = ConsultationCell.swift; sourceTree = "<group>"; };
		FAE3BB941EE8FE76005E3904 /* ReachabilityManager.swift */ = {isa = PBXFileReference; fileEncoding = 4; lastKnownFileType = sourcecode.swift; path = ReachabilityManager.swift; sourceTree = "<group>"; };
		FAE433761EFDEB02003EB268 /* SettingsVC.swift */ = {isa = PBXFileReference; fileEncoding = 4; lastKnownFileType = sourcecode.swift; path = SettingsVC.swift; sourceTree = "<group>"; };
		FAE8E7A61EDF774F00E1489C /* BackgroundCell.swift */ = {isa = PBXFileReference; fileEncoding = 4; lastKnownFileType = sourcecode.swift; path = BackgroundCell.swift; sourceTree = "<group>"; };
		FAE8E7A81EDF776000E1489C /* PECell.swift */ = {isa = PBXFileReference; fileEncoding = 4; lastKnownFileType = sourcecode.swift; path = PECell.swift; sourceTree = "<group>"; };
		FAE8E7AA1EDFAF5400E1489C /* PhysicalExam.swift */ = {isa = PBXFileReference; fileEncoding = 4; lastKnownFileType = sourcecode.swift; path = PhysicalExam.swift; sourceTree = "<group>"; };
		FAF7322B1E9044C700FA6030 /* doctorzilla.app */ = {isa = PBXFileReference; explicitFileType = wrapper.application; includeInIndex = 0; path = doctorzilla.app; sourceTree = BUILT_PRODUCTS_DIR; };
		FAF7322E1E9044C700FA6030 /* AppDelegate.swift */ = {isa = PBXFileReference; lastKnownFileType = sourcecode.swift; path = AppDelegate.swift; sourceTree = "<group>"; };
		FAF732331E9044C700FA6030 /* Base */ = {isa = PBXFileReference; lastKnownFileType = file.storyboard; name = Base; path = Base.lproj/Main.storyboard; sourceTree = "<group>"; };
		FAF732351E9044C700FA6030 /* Assets.xcassets */ = {isa = PBXFileReference; lastKnownFileType = folder.assetcatalog; path = Assets.xcassets; sourceTree = "<group>"; };
		FAF732381E9044C700FA6030 /* Base */ = {isa = PBXFileReference; lastKnownFileType = file.storyboard; name = Base; path = Base.lproj/LaunchScreen.storyboard; sourceTree = "<group>"; };
		FAF7323A1E9044C700FA6030 /* Info.plist */ = {isa = PBXFileReference; lastKnownFileType = text.plist.xml; path = Info.plist; sourceTree = "<group>"; };
		FAF7323F1E9044C700FA6030 /* doctorzillaTests.xctest */ = {isa = PBXFileReference; explicitFileType = wrapper.cfbundle; includeInIndex = 0; path = doctorzillaTests.xctest; sourceTree = BUILT_PRODUCTS_DIR; };
		FAF732431E9044C700FA6030 /* doctorzillaTests.swift */ = {isa = PBXFileReference; lastKnownFileType = sourcecode.swift; path = doctorzillaTests.swift; sourceTree = "<group>"; };
		FAF732451E9044C700FA6030 /* Info.plist */ = {isa = PBXFileReference; lastKnownFileType = text.plist.xml; path = Info.plist; sourceTree = "<group>"; };
		FAF7324A1E9044C700FA6030 /* doctorzillaUITests.xctest */ = {isa = PBXFileReference; explicitFileType = wrapper.cfbundle; includeInIndex = 0; path = doctorzillaUITests.xctest; sourceTree = BUILT_PRODUCTS_DIR; };
		FAF7324E1E9044C700FA6030 /* doctorzillaUITests.swift */ = {isa = PBXFileReference; lastKnownFileType = sourcecode.swift; path = doctorzillaUITests.swift; sourceTree = "<group>"; };
		FAF732501E9044C700FA6030 /* Info.plist */ = {isa = PBXFileReference; lastKnownFileType = text.plist.xml; path = Info.plist; sourceTree = "<group>"; };
		FAF9528F1ED63CA400E3D2EA /* MedicalRecordVC.swift */ = {isa = PBXFileReference; fileEncoding = 4; lastKnownFileType = sourcecode.swift; path = MedicalRecordVC.swift; sourceTree = "<group>"; };
		FAF952991ED6A2F000E3D2EA /* RecordDetailVC.swift */ = {isa = PBXFileReference; fileEncoding = 4; lastKnownFileType = sourcecode.swift; path = RecordDetailVC.swift; sourceTree = "<group>"; };
		FAF9529B1ED6A35E00E3D2EA /* ConsultationsVC.swift */ = {isa = PBXFileReference; fileEncoding = 4; lastKnownFileType = sourcecode.swift; path = ConsultationsVC.swift; sourceTree = "<group>"; };
		FAF9529D1ED6A37400E3D2EA /* OperativeNotesVC.swift */ = {isa = PBXFileReference; fileEncoding = 4; lastKnownFileType = sourcecode.swift; path = OperativeNotesVC.swift; sourceTree = "<group>"; };
		FAF9A7AD1EDCA735004CECF8 /* Consultation.swift */ = {isa = PBXFileReference; fileEncoding = 4; lastKnownFileType = sourcecode.swift; path = Consultation.swift; sourceTree = "<group>"; };
/* End PBXFileReference section */

/* Begin PBXFrameworksBuildPhase section */
		FAF732281E9044C700FA6030 /* Frameworks */ = {
			isa = PBXFrameworksBuildPhase;
			buildActionMask = 2147483647;
			files = (
				7447B0D763FC1872E0880139 /* Pods_doctorzilla.framework in Frameworks */,
			);
			runOnlyForDeploymentPostprocessing = 0;
		};
		FAF7323C1E9044C700FA6030 /* Frameworks */ = {
			isa = PBXFrameworksBuildPhase;
			buildActionMask = 2147483647;
			files = (
				5EBEB7D3CDCE7BF03A3FC8D8 /* Pods_doctorzillaTests.framework in Frameworks */,
			);
			runOnlyForDeploymentPostprocessing = 0;
		};
		FAF732471E9044C700FA6030 /* Frameworks */ = {
			isa = PBXFrameworksBuildPhase;
			buildActionMask = 2147483647;
			files = (
				4D5032C6AF91C0F5378E47D0 /* Pods_doctorzillaUITests.framework in Frameworks */,
			);
			runOnlyForDeploymentPostprocessing = 0;
		};
/* End PBXFrameworksBuildPhase section */

/* Begin PBXGroup section */
		15F1643F3CB4EBDD1AF1BECF /* Pods */ = {
			isa = PBXGroup;
			children = (
				CC333DB642B883483A5221E1 /* Pods-doctorzilla.debug.xcconfig */,
				F4AE6483C48913C701B7ACB5 /* Pods-doctorzilla.release.xcconfig */,
				2D035ACC6F7E346743A6DAED /* Pods-doctorzillaTests.debug.xcconfig */,
				3C081883FF703381FFD0285D /* Pods-doctorzillaTests.release.xcconfig */,
				36A27A1DF2C800203E737AF3 /* Pods-doctorzillaUITests.debug.xcconfig */,
				8EA1263DEA0A19615865387D /* Pods-doctorzillaUITests.release.xcconfig */,
			);
			name = Pods;
			sourceTree = "<group>";
		};
		D1B9AAF284426B265B17E525 /* Frameworks */ = {
			isa = PBXGroup;
			children = (
				3353FF6AF83F0F665FCDA504 /* Pods_doctorzilla.framework */,
				9A5C99D3C620CDF7F3B0A6C7 /* Pods_doctorzillaTests.framework */,
				7A215B309A31982EBD2CB40B /* Pods_doctorzillaUITests.framework */,
			);
			name = Frameworks;
			sourceTree = "<group>";
		};
		FA2D9DB61EEA77EF00671107 /* Realm Model */ = {
			isa = PBXGroup;
			children = (
				FA9A6DD01F452D59007EA577 /* RAttachment.swift */,
				FA2D0ACE1EEB9A03009BFBFA /* RBackground.swift */,
				FA2D0AD21EEB9A3E009BFBFA /* RConsultation.swift */,
				FA2D0AC41EEB99B4009BFBFA /* RDiagnostic.swift */,
				FA2D0ACC1EEB99F2009BFBFA /* RInsurance.swift */,
				FA2D0AC61EEB99C5009BFBFA /* RMedicalRecord.swift */,
				FA2D0ACA1EEB99E3009BFBFA /* ROccupation.swift */,
				FA9A6DD21F453030007EA577 /* ROperativeNote.swift */,
				FA2D0AD01EEB9A18009BFBFA /* RPhysicalExam.swift */,
				FA2D0AD41EEBA393009BFBFA /* RPlan.swift */,
				FA9A6DD41F45307E007EA577 /* RProcedure.swift */,
				FA2D0AC21EEB99A7009BFBFA /* RReason.swift */,
				FA9A6DD61F4530A7007EA577 /* RReport.swift */,
				FA2D0AC81EEB99D3009BFBFA /* RUser.swift */,
				FA4595FF1EF32C28008DF158 /* RSync.swift */,
			);
			name = "Realm Model";
			sourceTree = "<group>";
		};
		FA518F6F1ED3BA3B00EAC1C4 /* Controller */ = {
			isa = PBXGroup;
			children = (
				FAF9529B1ED6A35E00E3D2EA /* ConsultationsVC.swift */,
				FADF11551EDE186000BB54E7 /* ConsultationDetailVC.swift */,
				FA87B6E61ECFFC85003C0DF4 /* DashboardVC.swift */,
				FAB955E41F5CEA940007EAA2 /* EditBackgroundsVC.swift */,
				FA3A9CFC1EE1DE0F000EAB8B /* EditConsultationVC.swift */,
				FA3A9CF81EE1DDBB000EAB8B /* EditRecordVC.swift */,
				FA4C7CDF1EC3CA2800A58937 /* LoginVC.swift */,
				FAF9528F1ED63CA400E3D2EA /* MedicalRecordVC.swift */,
				FAF9529D1ED6A37400E3D2EA /* OperativeNotesVC.swift */,
				FAF952991ED6A2F000E3D2EA /* RecordDetailVC.swift */,
				FA4C7CE11EC3CC8E00A58937 /* RecoverPasswordVC.swift */,
				FAE433761EFDEB02003EB268 /* SettingsVC.swift */,
			);
			name = Controller;
			sourceTree = "<group>";
		};
		FA518F701ED3BA4300EAC1C4 /* View */ = {
			isa = PBXGroup;
			children = (
				FA518F781ED3ED6100EAC1C4 /* MedRecordCell.swift */,
				FADF11571EDE20AA00BB54E7 /* ConsultationCell.swift */,
				FAE8E7A61EDF774F00E1489C /* BackgroundCell.swift */,
				FAE8E7A81EDF776000E1489C /* PECell.swift */,
			);
			name = View;
			sourceTree = "<group>";
		};
		FA518F711ED3BA6600EAC1C4 /* Model */ = {
			isa = PBXGroup;
			children = (
				FAC6063C1ED911FD00726AA0 /* Background.swift */,
				FAF9A7AD1EDCA735004CECF8 /* Consultation.swift */,
				FAACA5091EE5DEAA006C39BB /* Insurance.swift */,
				FA518F7A1ED3F19F00EAC1C4 /* MedicalRecord.swift */,
				FAACA50B1EE5DEB5006C39BB /* Occupation.swift */,
				FAE8E7AA1EDFAF5400E1489C /* PhysicalExam.swift */,
				FA00E8341ECE6D7F00600EC3 /* User.swift */,
			);
			name = Model;
			sourceTree = "<group>";
		};
		FA518F721ED3BA7300EAC1C4 /* Util */ = {
			isa = PBXGroup;
			children = (
				FA00E8321ECE694700600EC3 /* AuthToken.swift */,
				FA00E8361ECE6E3E00600EC3 /* Constants.swift */,
				FAACA50D1EE5E1BD006C39BB /* DataHelper.swift */,
				FA916EF01EFC84D500BD5EFA /* DataHelperRLM.swift */,
				FAACA50F1EE67BAE006C39BB /* Extensions.swift */,
				FAE3BB941EE8FE76005E3904 /* ReachabilityManager.swift */,
				FA4D055E1EF21C77005574B1 /* Synchronize.swift */,
			);
			name = Util;
			sourceTree = "<group>";
		};
		FA518F731ED3BA8400EAC1C4 /* Resources */ = {
			isa = PBXGroup;
			children = (
			);
			name = Resources;
			sourceTree = "<group>";
		};
		FAF732221E9044C700FA6030 = {
			isa = PBXGroup;
			children = (
				FAF7322D1E9044C700FA6030 /* doctorzilla */,
				FAF732421E9044C700FA6030 /* doctorzillaTests */,
				FAF7324D1E9044C700FA6030 /* doctorzillaUITests */,
				FAF7322C1E9044C700FA6030 /* Products */,
				15F1643F3CB4EBDD1AF1BECF /* Pods */,
				D1B9AAF284426B265B17E525 /* Frameworks */,
			);
			sourceTree = "<group>";
		};
		FAF7322C1E9044C700FA6030 /* Products */ = {
			isa = PBXGroup;
			children = (
				FAF7322B1E9044C700FA6030 /* doctorzilla.app */,
				FAF7323F1E9044C700FA6030 /* doctorzillaTests.xctest */,
				FAF7324A1E9044C700FA6030 /* doctorzillaUITests.xctest */,
			);
			name = Products;
			sourceTree = "<group>";
		};
		FAF7322D1E9044C700FA6030 /* doctorzilla */ = {
			isa = PBXGroup;
			children = (
				FA2D9DB61EEA77EF00671107 /* Realm Model */,
				FA518F711ED3BA6600EAC1C4 /* Model */,
				FA518F701ED3BA4300EAC1C4 /* View */,
				FA518F6F1ED3BA3B00EAC1C4 /* Controller */,
				FA518F731ED3BA8400EAC1C4 /* Resources */,
				FA518F721ED3BA7300EAC1C4 /* Util */,
				FAF7322E1E9044C700FA6030 /* AppDelegate.swift */,
				FAF732321E9044C700FA6030 /* Main.storyboard */,
				FAF732351E9044C700FA6030 /* Assets.xcassets */,
				FAF732371E9044C700FA6030 /* LaunchScreen.storyboard */,
				FAF7323A1E9044C700FA6030 /* Info.plist */,
			);
			path = doctorzilla;
			sourceTree = "<group>";
		};
		FAF732421E9044C700FA6030 /* doctorzillaTests */ = {
			isa = PBXGroup;
			children = (
				FAF732431E9044C700FA6030 /* doctorzillaTests.swift */,
				FAF732451E9044C700FA6030 /* Info.plist */,
			);
			path = doctorzillaTests;
			sourceTree = "<group>";
		};
		FAF7324D1E9044C700FA6030 /* doctorzillaUITests */ = {
			isa = PBXGroup;
			children = (
				FAF7324E1E9044C700FA6030 /* doctorzillaUITests.swift */,
				FAF732501E9044C700FA6030 /* Info.plist */,
			);
			path = doctorzillaUITests;
			sourceTree = "<group>";
		};
/* End PBXGroup section */

/* Begin PBXNativeTarget section */
		FAF7322A1E9044C700FA6030 /* doctorzilla */ = {
			isa = PBXNativeTarget;
			buildConfigurationList = FAF732531E9044C700FA6030 /* Build configuration list for PBXNativeTarget "doctorzilla" */;
			buildPhases = (
				E945B877329A4E5945D0F4B8 /* [CP] Check Pods Manifest.lock */,
				FAF732271E9044C700FA6030 /* Sources */,
				FAF732281E9044C700FA6030 /* Frameworks */,
				FAF732291E9044C700FA6030 /* Resources */,
				B039DC108A801C1BD7930D14 /* [CP] Embed Pods Frameworks */,
				21D6FFE141DCFDDC202AFAF0 /* [CP] Copy Pods Resources */,
			);
			buildRules = (
			);
			dependencies = (
			);
			name = doctorzilla;
			productName = doctorzilla;
			productReference = FAF7322B1E9044C700FA6030 /* doctorzilla.app */;
			productType = "com.apple.product-type.application";
		};
		FAF7323E1E9044C700FA6030 /* doctorzillaTests */ = {
			isa = PBXNativeTarget;
			buildConfigurationList = FAF732561E9044C700FA6030 /* Build configuration list for PBXNativeTarget "doctorzillaTests" */;
			buildPhases = (
				10D47339B44CB0ACFD83AFB5 /* [CP] Check Pods Manifest.lock */,
				FAF7323B1E9044C700FA6030 /* Sources */,
				FAF7323C1E9044C700FA6030 /* Frameworks */,
				FAF7323D1E9044C700FA6030 /* Resources */,
				8EA4603FEE30AB578FCB9682 /* [CP] Embed Pods Frameworks */,
				7E303AFA0A5B7E0B59DD062E /* [CP] Copy Pods Resources */,
			);
			buildRules = (
			);
			dependencies = (
				FAF732411E9044C700FA6030 /* PBXTargetDependency */,
			);
			name = doctorzillaTests;
			productName = doctorzillaTests;
			productReference = FAF7323F1E9044C700FA6030 /* doctorzillaTests.xctest */;
			productType = "com.apple.product-type.bundle.unit-test";
		};
		FAF732491E9044C700FA6030 /* doctorzillaUITests */ = {
			isa = PBXNativeTarget;
			buildConfigurationList = FAF732591E9044C700FA6030 /* Build configuration list for PBXNativeTarget "doctorzillaUITests" */;
			buildPhases = (
				FD8AF0CC53B9AC3BFDE5DEE2 /* [CP] Check Pods Manifest.lock */,
				FAF732461E9044C700FA6030 /* Sources */,
				FAF732471E9044C700FA6030 /* Frameworks */,
				FAF732481E9044C700FA6030 /* Resources */,
				9159A96A57186FDBD8924AE8 /* [CP] Embed Pods Frameworks */,
				EC9E7901786C94CAFF60277C /* [CP] Copy Pods Resources */,
			);
			buildRules = (
			);
			dependencies = (
				FAF7324C1E9044C700FA6030 /* PBXTargetDependency */,
			);
			name = doctorzillaUITests;
			productName = doctorzillaUITests;
			productReference = FAF7324A1E9044C700FA6030 /* doctorzillaUITests.xctest */;
			productType = "com.apple.product-type.bundle.ui-testing";
		};
/* End PBXNativeTarget section */

/* Begin PBXProject section */
		FAF732231E9044C700FA6030 /* Project object */ = {
			isa = PBXProject;
			attributes = {
				LastSwiftUpdateCheck = 0830;
				LastUpgradeCheck = 0830;
				ORGANIZATIONNAME = Merchan;
				TargetAttributes = {
					FAF7322A1E9044C700FA6030 = {
						CreatedOnToolsVersion = 8.3;
						DevelopmentTeam = JG3VE4CSCU;
						ProvisioningStyle = Automatic;
					};
					FAF7323E1E9044C700FA6030 = {
						CreatedOnToolsVersion = 8.3;
						DevelopmentTeam = JG3VE4CSCU;
						ProvisioningStyle = Automatic;
						TestTargetID = FAF7322A1E9044C700FA6030;
					};
					FAF732491E9044C700FA6030 = {
						CreatedOnToolsVersion = 8.3;
						DevelopmentTeam = JG3VE4CSCU;
						ProvisioningStyle = Automatic;
						TestTargetID = FAF7322A1E9044C700FA6030;
					};
				};
			};
			buildConfigurationList = FAF732261E9044C700FA6030 /* Build configuration list for PBXProject "doctorzilla" */;
			compatibilityVersion = "Xcode 3.2";
			developmentRegion = English;
			hasScannedForEncodings = 0;
			knownRegions = (
				en,
				Base,
			);
			mainGroup = FAF732221E9044C700FA6030;
			productRefGroup = FAF7322C1E9044C700FA6030 /* Products */;
			projectDirPath = "";
			projectRoot = "";
			targets = (
				FAF7322A1E9044C700FA6030 /* doctorzilla */,
				FAF7323E1E9044C700FA6030 /* doctorzillaTests */,
				FAF732491E9044C700FA6030 /* doctorzillaUITests */,
			);
		};
/* End PBXProject section */

/* Begin PBXResourcesBuildPhase section */
		FAF732291E9044C700FA6030 /* Resources */ = {
			isa = PBXResourcesBuildPhase;
			buildActionMask = 2147483647;
			files = (
				FAF732391E9044C700FA6030 /* LaunchScreen.storyboard in Resources */,
				FAF732361E9044C700FA6030 /* Assets.xcassets in Resources */,
				FAF732341E9044C700FA6030 /* Main.storyboard in Resources */,
			);
			runOnlyForDeploymentPostprocessing = 0;
		};
		FAF7323D1E9044C700FA6030 /* Resources */ = {
			isa = PBXResourcesBuildPhase;
			buildActionMask = 2147483647;
			files = (
			);
			runOnlyForDeploymentPostprocessing = 0;
		};
		FAF732481E9044C700FA6030 /* Resources */ = {
			isa = PBXResourcesBuildPhase;
			buildActionMask = 2147483647;
			files = (
			);
			runOnlyForDeploymentPostprocessing = 0;
		};
/* End PBXResourcesBuildPhase section */

/* Begin PBXShellScriptBuildPhase section */
		10D47339B44CB0ACFD83AFB5 /* [CP] Check Pods Manifest.lock */ = {
			isa = PBXShellScriptBuildPhase;
			buildActionMask = 2147483647;
			files = (
			);
			inputPaths = (
			);
			name = "[CP] Check Pods Manifest.lock";
			outputPaths = (
			);
			runOnlyForDeploymentPostprocessing = 0;
			shellPath = /bin/sh;
			shellScript = "diff \"${PODS_PODFILE_DIR_PATH}/Podfile.lock\" \"${PODS_ROOT}/Manifest.lock\" > /dev/null\nif [ $? != 0 ] ; then\n    # print error to STDERR\n    echo \"error: The sandbox is not in sync with the Podfile.lock. Run 'pod install' or update your CocoaPods installation.\" >&2\n    exit 1\nfi\n";
			showEnvVarsInLog = 0;
		};
		21D6FFE141DCFDDC202AFAF0 /* [CP] Copy Pods Resources */ = {
			isa = PBXShellScriptBuildPhase;
			buildActionMask = 2147483647;
			files = (
			);
			inputPaths = (
			);
			name = "[CP] Copy Pods Resources";
			outputPaths = (
			);
			runOnlyForDeploymentPostprocessing = 0;
			shellPath = /bin/sh;
			shellScript = "\"${SRCROOT}/Pods/Target Support Files/Pods-doctorzilla/Pods-doctorzilla-resources.sh\"\n";
			showEnvVarsInLog = 0;
		};
		7E303AFA0A5B7E0B59DD062E /* [CP] Copy Pods Resources */ = {
			isa = PBXShellScriptBuildPhase;
			buildActionMask = 2147483647;
			files = (
			);
			inputPaths = (
			);
			name = "[CP] Copy Pods Resources";
			outputPaths = (
			);
			runOnlyForDeploymentPostprocessing = 0;
			shellPath = /bin/sh;
			shellScript = "\"${SRCROOT}/Pods/Target Support Files/Pods-doctorzillaTests/Pods-doctorzillaTests-resources.sh\"\n";
			showEnvVarsInLog = 0;
		};
		8EA4603FEE30AB578FCB9682 /* [CP] Embed Pods Frameworks */ = {
			isa = PBXShellScriptBuildPhase;
			buildActionMask = 2147483647;
			files = (
			);
			inputPaths = (
			);
			name = "[CP] Embed Pods Frameworks";
			outputPaths = (
			);
			runOnlyForDeploymentPostprocessing = 0;
			shellPath = /bin/sh;
			shellScript = "\"${SRCROOT}/Pods/Target Support Files/Pods-doctorzillaTests/Pods-doctorzillaTests-frameworks.sh\"\n";
			showEnvVarsInLog = 0;
		};
		9159A96A57186FDBD8924AE8 /* [CP] Embed Pods Frameworks */ = {
			isa = PBXShellScriptBuildPhase;
			buildActionMask = 2147483647;
			files = (
			);
			inputPaths = (
			);
			name = "[CP] Embed Pods Frameworks";
			outputPaths = (
			);
			runOnlyForDeploymentPostprocessing = 0;
			shellPath = /bin/sh;
			shellScript = "\"${SRCROOT}/Pods/Target Support Files/Pods-doctorzillaUITests/Pods-doctorzillaUITests-frameworks.sh\"\n";
			showEnvVarsInLog = 0;
		};
		B039DC108A801C1BD7930D14 /* [CP] Embed Pods Frameworks */ = {
			isa = PBXShellScriptBuildPhase;
			buildActionMask = 2147483647;
			files = (
			);
			inputPaths = (
			);
			name = "[CP] Embed Pods Frameworks";
			outputPaths = (
			);
			runOnlyForDeploymentPostprocessing = 0;
			shellPath = /bin/sh;
			shellScript = "\"${SRCROOT}/Pods/Target Support Files/Pods-doctorzilla/Pods-doctorzilla-frameworks.sh\"\n";
			showEnvVarsInLog = 0;
		};
		E945B877329A4E5945D0F4B8 /* [CP] Check Pods Manifest.lock */ = {
			isa = PBXShellScriptBuildPhase;
			buildActionMask = 2147483647;
			files = (
			);
			inputPaths = (
			);
			name = "[CP] Check Pods Manifest.lock";
			outputPaths = (
			);
			runOnlyForDeploymentPostprocessing = 0;
			shellPath = /bin/sh;
			shellScript = "diff \"${PODS_PODFILE_DIR_PATH}/Podfile.lock\" \"${PODS_ROOT}/Manifest.lock\" > /dev/null\nif [ $? != 0 ] ; then\n    # print error to STDERR\n    echo \"error: The sandbox is not in sync with the Podfile.lock. Run 'pod install' or update your CocoaPods installation.\" >&2\n    exit 1\nfi\n";
			showEnvVarsInLog = 0;
		};
		EC9E7901786C94CAFF60277C /* [CP] Copy Pods Resources */ = {
			isa = PBXShellScriptBuildPhase;
			buildActionMask = 2147483647;
			files = (
			);
			inputPaths = (
			);
			name = "[CP] Copy Pods Resources";
			outputPaths = (
			);
			runOnlyForDeploymentPostprocessing = 0;
			shellPath = /bin/sh;
			shellScript = "\"${SRCROOT}/Pods/Target Support Files/Pods-doctorzillaUITests/Pods-doctorzillaUITests-resources.sh\"\n";
			showEnvVarsInLog = 0;
		};
		FD8AF0CC53B9AC3BFDE5DEE2 /* [CP] Check Pods Manifest.lock */ = {
			isa = PBXShellScriptBuildPhase;
			buildActionMask = 2147483647;
			files = (
			);
			inputPaths = (
			);
			name = "[CP] Check Pods Manifest.lock";
			outputPaths = (
			);
			runOnlyForDeploymentPostprocessing = 0;
			shellPath = /bin/sh;
			shellScript = "diff \"${PODS_PODFILE_DIR_PATH}/Podfile.lock\" \"${PODS_ROOT}/Manifest.lock\" > /dev/null\nif [ $? != 0 ] ; then\n    # print error to STDERR\n    echo \"error: The sandbox is not in sync with the Podfile.lock. Run 'pod install' or update your CocoaPods installation.\" >&2\n    exit 1\nfi\n";
			showEnvVarsInLog = 0;
		};
/* End PBXShellScriptBuildPhase section */

/* Begin PBXSourcesBuildPhase section */
		FAF732271E9044C700FA6030 /* Sources */ = {
			isa = PBXSourcesBuildPhase;
			buildActionMask = 2147483647;
			files = (
				FAB955E51F5CEA940007EAA2 /* EditBackgroundsVC.swift in Sources */,
				FAACA50E1EE5E1BD006C39BB /* DataHelper.swift in Sources */,
				FA4C7CE01EC3CA2800A58937 /* LoginVC.swift in Sources */,
				FAE8E7A91EDF776000E1489C /* PECell.swift in Sources */,
				FA2D0AC51EEB99B4009BFBFA /* RDiagnostic.swift in Sources */,
				FAACA50C1EE5DEB5006C39BB /* Occupation.swift in Sources */,
				FAE3BB951EE8FE76005E3904 /* ReachabilityManager.swift in Sources */,
				FAF9529C1ED6A35E00E3D2EA /* ConsultationsVC.swift in Sources */,
				FADF11561EDE186000BB54E7 /* ConsultationDetailVC.swift in Sources */,
				FA00E8351ECE6D7F00600EC3 /* User.swift in Sources */,
				FA4C7CE21EC3CC8E00A58937 /* RecoverPasswordVC.swift in Sources */,
				FAF9A7AE1EDCA735004CECF8 /* Consultation.swift in Sources */,
				FA9A6DD71F4530A7007EA577 /* RReport.swift in Sources */,
				FAC6063D1ED911FD00726AA0 /* Background.swift in Sources */,
				FA4D055F1EF21C77005574B1 /* Synchronize.swift in Sources */,
				FAE433771EFDEB02003EB268 /* SettingsVC.swift in Sources */,
				FA2D0AD31EEB9A3E009BFBFA /* RConsultation.swift in Sources */,
				FA2D0AD51EEBA393009BFBFA /* RPlan.swift in Sources */,
				FAACA50A1EE5DEAA006C39BB /* Insurance.swift in Sources */,
				FA2D0AC71EEB99C5009BFBFA /* RMedicalRecord.swift in Sources */,
				FAE8E7A71EDF774F00E1489C /* BackgroundCell.swift in Sources */,
				FAF952901ED63CA400E3D2EA /* MedicalRecordVC.swift in Sources */,
				FA518F7B1ED3F19F00EAC1C4 /* MedicalRecord.swift in Sources */,
				FAE8E7AB1EDFAF5400E1489C /* PhysicalExam.swift in Sources */,
				FA3A9CF91EE1DDBB000EAB8B /* EditRecordVC.swift in Sources */,
				FA3A9CFD1EE1DE0F000EAB8B /* EditConsultationVC.swift in Sources */,
				FA2D0ACF1EEB9A03009BFBFA /* RBackground.swift in Sources */,
				FA2D0ACD1EEB99F2009BFBFA /* RInsurance.swift in Sources */,
				FAF9529E1ED6A37400E3D2EA /* OperativeNotesVC.swift in Sources */,
				FADF11581EDE20AA00BB54E7 /* ConsultationCell.swift in Sources */,
				FA916EF11EFC84D500BD5EFA /* DataHelperRLM.swift in Sources */,
				FA518F791ED3ED6100EAC1C4 /* MedRecordCell.swift in Sources */,
				FAF9529A1ED6A2F000E3D2EA /* RecordDetailVC.swift in Sources */,
				FA2D0ACB1EEB99E3009BFBFA /* ROccupation.swift in Sources */,
				FA2D0AD11EEB9A18009BFBFA /* RPhysicalExam.swift in Sources */,
				FA00E8371ECE6E3E00600EC3 /* Constants.swift in Sources */,
				FA9A6DD51F45307E007EA577 /* RProcedure.swift in Sources */,
				FA2D0AC31EEB99A7009BFBFA /* RReason.swift in Sources */,
				FA2D0AC91EEB99D3009BFBFA /* RUser.swift in Sources */,
				FA00E8331ECE694700600EC3 /* AuthToken.swift in Sources */,
				FAF7322F1E9044C700FA6030 /* AppDelegate.swift in Sources */,
				FA87B6E71ECFFC85003C0DF4 /* DashboardVC.swift in Sources */,
				FA9A6DD11F452D59007EA577 /* RAttachment.swift in Sources */,
				FAACA5101EE67BAE006C39BB /* Extensions.swift in Sources */,
				FA4596001EF32C28008DF158 /* RSync.swift in Sources */,
				FA9A6DD31F453030007EA577 /* ROperativeNote.swift in Sources */,
			);
			runOnlyForDeploymentPostprocessing = 0;
		};
		FAF7323B1E9044C700FA6030 /* Sources */ = {
			isa = PBXSourcesBuildPhase;
			buildActionMask = 2147483647;
			files = (
				FAF732441E9044C700FA6030 /* doctorzillaTests.swift in Sources */,
			);
			runOnlyForDeploymentPostprocessing = 0;
		};
		FAF732461E9044C700FA6030 /* Sources */ = {
			isa = PBXSourcesBuildPhase;
			buildActionMask = 2147483647;
			files = (
				FAF7324F1E9044C700FA6030 /* doctorzillaUITests.swift in Sources */,
			);
			runOnlyForDeploymentPostprocessing = 0;
		};
/* End PBXSourcesBuildPhase section */

/* Begin PBXTargetDependency section */
		FAF732411E9044C700FA6030 /* PBXTargetDependency */ = {
			isa = PBXTargetDependency;
			target = FAF7322A1E9044C700FA6030 /* doctorzilla */;
			targetProxy = FAF732401E9044C700FA6030 /* PBXContainerItemProxy */;
		};
		FAF7324C1E9044C700FA6030 /* PBXTargetDependency */ = {
			isa = PBXTargetDependency;
			target = FAF7322A1E9044C700FA6030 /* doctorzilla */;
			targetProxy = FAF7324B1E9044C700FA6030 /* PBXContainerItemProxy */;
		};
/* End PBXTargetDependency section */

/* Begin PBXVariantGroup section */
		FAF732321E9044C700FA6030 /* Main.storyboard */ = {
			isa = PBXVariantGroup;
			children = (
				FAF732331E9044C700FA6030 /* Base */,
			);
			name = Main.storyboard;
			sourceTree = "<group>";
		};
		FAF732371E9044C700FA6030 /* LaunchScreen.storyboard */ = {
			isa = PBXVariantGroup;
			children = (
				FAF732381E9044C700FA6030 /* Base */,
			);
			name = LaunchScreen.storyboard;
			sourceTree = "<group>";
		};
/* End PBXVariantGroup section */

/* Begin XCBuildConfiguration section */
		FAF732511E9044C700FA6030 /* Debug */ = {
			isa = XCBuildConfiguration;
			buildSettings = {
				ALWAYS_SEARCH_USER_PATHS = NO;
				CLANG_ANALYZER_NONNULL = YES;
				CLANG_ANALYZER_NUMBER_OBJECT_CONVERSION = YES_AGGRESSIVE;
				CLANG_CXX_LANGUAGE_STANDARD = "gnu++0x";
				CLANG_CXX_LIBRARY = "libc++";
				CLANG_ENABLE_MODULES = YES;
				CLANG_ENABLE_OBJC_ARC = YES;
				CLANG_WARN_BOOL_CONVERSION = YES;
				CLANG_WARN_CONSTANT_CONVERSION = YES;
				CLANG_WARN_DIRECT_OBJC_ISA_USAGE = YES_ERROR;
				CLANG_WARN_DOCUMENTATION_COMMENTS = YES;
				CLANG_WARN_EMPTY_BODY = YES;
				CLANG_WARN_ENUM_CONVERSION = YES;
				CLANG_WARN_INFINITE_RECURSION = YES;
				CLANG_WARN_INT_CONVERSION = YES;
				CLANG_WARN_OBJC_ROOT_CLASS = YES_ERROR;
				CLANG_WARN_SUSPICIOUS_MOVE = YES;
				CLANG_WARN_UNREACHABLE_CODE = YES;
				CLANG_WARN__DUPLICATE_METHOD_MATCH = YES;
				"CODE_SIGN_IDENTITY[sdk=iphoneos*]" = "iPhone Developer";
				COPY_PHASE_STRIP = NO;
				DEBUG_INFORMATION_FORMAT = dwarf;
				ENABLE_STRICT_OBJC_MSGSEND = YES;
				ENABLE_TESTABILITY = YES;
				GCC_C_LANGUAGE_STANDARD = gnu99;
				GCC_DYNAMIC_NO_PIC = NO;
				GCC_NO_COMMON_BLOCKS = YES;
				GCC_OPTIMIZATION_LEVEL = 0;
				GCC_PREPROCESSOR_DEFINITIONS = (
					"DEBUG=1",
					"$(inherited)",
				);
				GCC_WARN_64_TO_32_BIT_CONVERSION = YES;
				GCC_WARN_ABOUT_RETURN_TYPE = YES_ERROR;
				GCC_WARN_UNDECLARED_SELECTOR = YES;
				GCC_WARN_UNINITIALIZED_AUTOS = YES_AGGRESSIVE;
				GCC_WARN_UNUSED_FUNCTION = YES;
				GCC_WARN_UNUSED_VARIABLE = YES;
				IPHONEOS_DEPLOYMENT_TARGET = 10.3;
				MTL_ENABLE_DEBUG_INFO = YES;
				ONLY_ACTIVE_ARCH = YES;
				SDKROOT = iphoneos;
				SWIFT_ACTIVE_COMPILATION_CONDITIONS = DEBUG;
				SWIFT_OPTIMIZATION_LEVEL = "-Onone";
			};
			name = Debug;
		};
		FAF732521E9044C700FA6030 /* Release */ = {
			isa = XCBuildConfiguration;
			buildSettings = {
				ALWAYS_SEARCH_USER_PATHS = NO;
				CLANG_ANALYZER_NONNULL = YES;
				CLANG_ANALYZER_NUMBER_OBJECT_CONVERSION = YES_AGGRESSIVE;
				CLANG_CXX_LANGUAGE_STANDARD = "gnu++0x";
				CLANG_CXX_LIBRARY = "libc++";
				CLANG_ENABLE_MODULES = YES;
				CLANG_ENABLE_OBJC_ARC = YES;
				CLANG_WARN_BOOL_CONVERSION = YES;
				CLANG_WARN_CONSTANT_CONVERSION = YES;
				CLANG_WARN_DIRECT_OBJC_ISA_USAGE = YES_ERROR;
				CLANG_WARN_DOCUMENTATION_COMMENTS = YES;
				CLANG_WARN_EMPTY_BODY = YES;
				CLANG_WARN_ENUM_CONVERSION = YES;
				CLANG_WARN_INFINITE_RECURSION = YES;
				CLANG_WARN_INT_CONVERSION = YES;
				CLANG_WARN_OBJC_ROOT_CLASS = YES_ERROR;
				CLANG_WARN_SUSPICIOUS_MOVE = YES;
				CLANG_WARN_UNREACHABLE_CODE = YES;
				CLANG_WARN__DUPLICATE_METHOD_MATCH = YES;
				"CODE_SIGN_IDENTITY[sdk=iphoneos*]" = "iPhone Developer";
				COPY_PHASE_STRIP = NO;
				DEBUG_INFORMATION_FORMAT = "dwarf-with-dsym";
				ENABLE_NS_ASSERTIONS = NO;
				ENABLE_STRICT_OBJC_MSGSEND = YES;
				GCC_C_LANGUAGE_STANDARD = gnu99;
				GCC_NO_COMMON_BLOCKS = YES;
				GCC_WARN_64_TO_32_BIT_CONVERSION = YES;
				GCC_WARN_ABOUT_RETURN_TYPE = YES_ERROR;
				GCC_WARN_UNDECLARED_SELECTOR = YES;
				GCC_WARN_UNINITIALIZED_AUTOS = YES_AGGRESSIVE;
				GCC_WARN_UNUSED_FUNCTION = YES;
				GCC_WARN_UNUSED_VARIABLE = YES;
				IPHONEOS_DEPLOYMENT_TARGET = 10.3;
				MTL_ENABLE_DEBUG_INFO = NO;
				SDKROOT = iphoneos;
				SWIFT_OPTIMIZATION_LEVEL = "-Owholemodule";
				VALIDATE_PRODUCT = YES;
			};
			name = Release;
		};
		FAF732541E9044C700FA6030 /* Debug */ = {
			isa = XCBuildConfiguration;
			baseConfigurationReference = CC333DB642B883483A5221E1 /* Pods-doctorzilla.debug.xcconfig */;
			buildSettings = {
				ASSETCATALOG_COMPILER_APPICON_NAME = AppIcon;
				DEVELOPMENT_TEAM = JG3VE4CSCU;
				INFOPLIST_FILE = doctorzilla/Info.plist;
				IPHONEOS_DEPLOYMENT_TARGET = 9.0;
				LD_RUNPATH_SEARCH_PATHS = "$(inherited) @executable_path/Frameworks";
				PRODUCT_BUNDLE_IDENTIFIER = com.merchan.doctorzilla;
				PRODUCT_NAME = "$(TARGET_NAME)";
				SWIFT_VERSION = 3.0;
				TARGETED_DEVICE_FAMILY = "1,2";
			};
			name = Debug;
		};
		FAF732551E9044C700FA6030 /* Release */ = {
			isa = XCBuildConfiguration;
			baseConfigurationReference = F4AE6483C48913C701B7ACB5 /* Pods-doctorzilla.release.xcconfig */;
			buildSettings = {
				ASSETCATALOG_COMPILER_APPICON_NAME = AppIcon;
				DEVELOPMENT_TEAM = JG3VE4CSCU;
				INFOPLIST_FILE = doctorzilla/Info.plist;
				IPHONEOS_DEPLOYMENT_TARGET = 9.0;
				LD_RUNPATH_SEARCH_PATHS = "$(inherited) @executable_path/Frameworks";
				PRODUCT_BUNDLE_IDENTIFIER = com.merchan.doctorzilla;
				PRODUCT_NAME = "$(TARGET_NAME)";
				SWIFT_VERSION = 3.0;
				TARGETED_DEVICE_FAMILY = "1,2";
			};
			name = Release;
		};
		FAF732571E9044C700FA6030 /* Debug */ = {
			isa = XCBuildConfiguration;
			baseConfigurationReference = 2D035ACC6F7E346743A6DAED /* Pods-doctorzillaTests.debug.xcconfig */;
			buildSettings = {
				ALWAYS_EMBED_SWIFT_STANDARD_LIBRARIES = YES;
				BUNDLE_LOADER = "$(TEST_HOST)";
				DEVELOPMENT_TEAM = JG3VE4CSCU;
				INFOPLIST_FILE = doctorzillaTests/Info.plist;
				LD_RUNPATH_SEARCH_PATHS = "$(inherited) @executable_path/Frameworks @loader_path/Frameworks";
				PRODUCT_BUNDLE_IDENTIFIER = com.merchan.doctorzillaTests;
				PRODUCT_NAME = "$(TARGET_NAME)";
				SWIFT_VERSION = 3.0;
				TEST_HOST = "$(BUILT_PRODUCTS_DIR)/doctorzilla.app/doctorzilla";
			};
			name = Debug;
		};
		FAF732581E9044C700FA6030 /* Release */ = {
			isa = XCBuildConfiguration;
			baseConfigurationReference = 3C081883FF703381FFD0285D /* Pods-doctorzillaTests.release.xcconfig */;
			buildSettings = {
				ALWAYS_EMBED_SWIFT_STANDARD_LIBRARIES = YES;
				BUNDLE_LOADER = "$(TEST_HOST)";
				DEVELOPMENT_TEAM = JG3VE4CSCU;
				INFOPLIST_FILE = doctorzillaTests/Info.plist;
				LD_RUNPATH_SEARCH_PATHS = "$(inherited) @executable_path/Frameworks @loader_path/Frameworks";
				PRODUCT_BUNDLE_IDENTIFIER = com.merchan.doctorzillaTests;
				PRODUCT_NAME = "$(TARGET_NAME)";
				SWIFT_VERSION = 3.0;
				TEST_HOST = "$(BUILT_PRODUCTS_DIR)/doctorzilla.app/doctorzilla";
			};
			name = Release;
		};
		FAF7325A1E9044C700FA6030 /* Debug */ = {
			isa = XCBuildConfiguration;
			baseConfigurationReference = 36A27A1DF2C800203E737AF3 /* Pods-doctorzillaUITests.debug.xcconfig */;
			buildSettings = {
				ALWAYS_EMBED_SWIFT_STANDARD_LIBRARIES = YES;
				DEVELOPMENT_TEAM = JG3VE4CSCU;
				INFOPLIST_FILE = doctorzillaUITests/Info.plist;
				LD_RUNPATH_SEARCH_PATHS = "$(inherited) @executable_path/Frameworks @loader_path/Frameworks";
				PRODUCT_BUNDLE_IDENTIFIER = com.merchan.doctorzillaUITests;
				PRODUCT_NAME = "$(TARGET_NAME)";
				SWIFT_VERSION = 3.0;
				TEST_TARGET_NAME = doctorzilla;
			};
			name = Debug;
		};
		FAF7325B1E9044C700FA6030 /* Release */ = {
			isa = XCBuildConfiguration;
			baseConfigurationReference = 8EA1263DEA0A19615865387D /* Pods-doctorzillaUITests.release.xcconfig */;
			buildSettings = {
				ALWAYS_EMBED_SWIFT_STANDARD_LIBRARIES = YES;
				DEVELOPMENT_TEAM = JG3VE4CSCU;
				INFOPLIST_FILE = doctorzillaUITests/Info.plist;
				LD_RUNPATH_SEARCH_PATHS = "$(inherited) @executable_path/Frameworks @loader_path/Frameworks";
				PRODUCT_BUNDLE_IDENTIFIER = com.merchan.doctorzillaUITests;
				PRODUCT_NAME = "$(TARGET_NAME)";
				SWIFT_VERSION = 3.0;
				TEST_TARGET_NAME = doctorzilla;
			};
			name = Release;
		};
/* End XCBuildConfiguration section */

/* Begin XCConfigurationList section */
		FAF732261E9044C700FA6030 /* Build configuration list for PBXProject "doctorzilla" */ = {
			isa = XCConfigurationList;
			buildConfigurations = (
				FAF732511E9044C700FA6030 /* Debug */,
				FAF732521E9044C700FA6030 /* Release */,
			);
			defaultConfigurationIsVisible = 0;
			defaultConfigurationName = Release;
		};
		FAF732531E9044C700FA6030 /* Build configuration list for PBXNativeTarget "doctorzilla" */ = {
			isa = XCConfigurationList;
			buildConfigurations = (
				FAF732541E9044C700FA6030 /* Debug */,
				FAF732551E9044C700FA6030 /* Release */,
			);
			defaultConfigurationIsVisible = 0;
			defaultConfigurationName = Release;
		};
		FAF732561E9044C700FA6030 /* Build configuration list for PBXNativeTarget "doctorzillaTests" */ = {
			isa = XCConfigurationList;
			buildConfigurations = (
				FAF732571E9044C700FA6030 /* Debug */,
				FAF732581E9044C700FA6030 /* Release */,
			);
			defaultConfigurationIsVisible = 0;
			defaultConfigurationName = Release;
		};
		FAF732591E9044C700FA6030 /* Build configuration list for PBXNativeTarget "doctorzillaUITests" */ = {
			isa = XCConfigurationList;
			buildConfigurations = (
				FAF7325A1E9044C700FA6030 /* Debug */,
				FAF7325B1E9044C700FA6030 /* Release */,
			);
			defaultConfigurationIsVisible = 0;
			defaultConfigurationName = Release;
		};
/* End XCConfigurationList section */
	};
	rootObject = FAF732231E9044C700FA6030 /* Project object */;
}
